// !$*UTF8*$!
{
	archiveVersion = 1;
	classes = {
	};
	objectVersion = 50;
	objects = {

/* Begin PBXBuildFile section */
		9C096C5C26D7DDD600EBE935 /* AppDelegate.swift in Sources */ = {isa = PBXBuildFile; fileRef = 9C096C5B26D7DDD600EBE935 /* AppDelegate.swift */; };
		9C096C5E26D7DDD600EBE935 /* SceneDelegate.swift in Sources */ = {isa = PBXBuildFile; fileRef = 9C096C5D26D7DDD600EBE935 /* SceneDelegate.swift */; };
		9C096C6026D7DDD600EBE935 /* InstagramCollectionViewController.swift in Sources */ = {isa = PBXBuildFile; fileRef = 9C096C5F26D7DDD600EBE935 /* InstagramCollectionViewController.swift */; };
		9C096C6326D7DDD600EBE935 /* Main.storyboard in Resources */ = {isa = PBXBuildFile; fileRef = 9C096C6126D7DDD600EBE935 /* Main.storyboard */; };
		9C096C6526D7DDDA00EBE935 /* Assets.xcassets in Resources */ = {isa = PBXBuildFile; fileRef = 9C096C6426D7DDDA00EBE935 /* Assets.xcassets */; };
		9C096C6826D7DDDA00EBE935 /* LaunchScreen.storyboard in Resources */ = {isa = PBXBuildFile; fileRef = 9C096C6626D7DDDA00EBE935 /* LaunchScreen.storyboard */; };
		9C096C7026D7DE0700EBE935 /* InstagramResponse.swift in Sources */ = {isa = PBXBuildFile; fileRef = 9C096C6F26D7DE0700EBE935 /* InstagramResponse.swift */; };
		9C096C7226D7DE3F00EBE935 /* APIService.swift in Sources */ = {isa = PBXBuildFile; fileRef = 9C096C7126D7DE3F00EBE935 /* APIService.swift */; };
		9C096C7426D7E2B000EBE935 /* PhotoManager.swift in Sources */ = {isa = PBXBuildFile; fileRef = 9C096C7326D7E2B000EBE935 /* PhotoManager.swift */; };
		9C096C7626D7F0E800EBE935 /* InstagramHeaderCollectionReusableView.swift in Sources */ = {isa = PBXBuildFile; fileRef = 9C096C7526D7F0E800EBE935 /* InstagramHeaderCollectionReusableView.swift */; };
		9C096C7826D7F13300EBE935 /* InstagramCollectionViewCell.swift in Sources */ = {isa = PBXBuildFile; fileRef = 9C096C7726D7F13300EBE935 /* InstagramCollectionViewCell.swift */; };
		9C096C7A26D7F89600EBE935 /* InstagramPostDetailCollectionViewController.swift in Sources */ = {isa = PBXBuildFile; fileRef = 9C096C7926D7F89600EBE935 /* InstagramPostDetailCollectionViewController.swift */; };
		9C096C7C26D7F8B900EBE935 /* InstagramPostDetailCollectionViewCell.swift in Sources */ = {isa = PBXBuildFile; fileRef = 9C096C7B26D7F8B900EBE935 /* InstagramPostDetailCollectionViewCell.swift */; };
		9C096C7E26D804F500EBE935 /* Ext+Int.swift in Sources */ = {isa = PBXBuildFile; fileRef = 9C096C7D26D804F500EBE935 /* Ext+Int.swift */; };
/* End PBXBuildFile section */

/* Begin PBXFileReference section */
		9C096C5826D7DDD600EBE935 /* PaulDemoInstagram.app */ = {isa = PBXFileReference; explicitFileType = wrapper.application; includeInIndex = 0; path = PaulDemoInstagram.app; sourceTree = BUILT_PRODUCTS_DIR; };
		9C096C5B26D7DDD600EBE935 /* AppDelegate.swift */ = {isa = PBXFileReference; lastKnownFileType = sourcecode.swift; path = AppDelegate.swift; sourceTree = "<group>"; };
		9C096C5D26D7DDD600EBE935 /* SceneDelegate.swift */ = {isa = PBXFileReference; lastKnownFileType = sourcecode.swift; path = SceneDelegate.swift; sourceTree = "<group>"; };
		9C096C5F26D7DDD600EBE935 /* InstagramCollectionViewController.swift */ = {isa = PBXFileReference; lastKnownFileType = sourcecode.swift; path = InstagramCollectionViewController.swift; sourceTree = "<group>"; };
		9C096C6226D7DDD600EBE935 /* Base */ = {isa = PBXFileReference; lastKnownFileType = file.storyboard; name = Base; path = Base.lproj/Main.storyboard; sourceTree = "<group>"; };
		9C096C6426D7DDDA00EBE935 /* Assets.xcassets */ = {isa = PBXFileReference; lastKnownFileType = folder.assetcatalog; path = Assets.xcassets; sourceTree = "<group>"; };
		9C096C6726D7DDDA00EBE935 /* Base */ = {isa = PBXFileReference; lastKnownFileType = file.storyboard; name = Base; path = Base.lproj/LaunchScreen.storyboard; sourceTree = "<group>"; };
		9C096C6926D7DDDA00EBE935 /* Info.plist */ = {isa = PBXFileReference; lastKnownFileType = text.plist.xml; path = Info.plist; sourceTree = "<group>"; };
		9C096C6F26D7DE0700EBE935 /* InstagramResponse.swift */ = {isa = PBXFileReference; lastKnownFileType = sourcecode.swift; path = InstagramResponse.swift; sourceTree = "<group>"; };
		9C096C7126D7DE3F00EBE935 /* APIService.swift */ = {isa = PBXFileReference; lastKnownFileType = sourcecode.swift; path = APIService.swift; sourceTree = "<group>"; };
		9C096C7326D7E2B000EBE935 /* PhotoManager.swift */ = {isa = PBXFileReference; lastKnownFileType = sourcecode.swift; path = PhotoManager.swift; sourceTree = "<group>"; };
		9C096C7526D7F0E800EBE935 /* InstagramHeaderCollectionReusableView.swift */ = {isa = PBXFileReference; lastKnownFileType = sourcecode.swift; path = InstagramHeaderCollectionReusableView.swift; sourceTree = "<group>"; };
		9C096C7726D7F13300EBE935 /* InstagramCollectionViewCell.swift */ = {isa = PBXFileReference; lastKnownFileType = sourcecode.swift; path = InstagramCollectionViewCell.swift; sourceTree = "<group>"; };
		9C096C7926D7F89600EBE935 /* InstagramPostDetailCollectionViewController.swift */ = {isa = PBXFileReference; lastKnownFileType = sourcecode.swift; path = InstagramPostDetailCollectionViewController.swift; sourceTree = "<group>"; };
		9C096C7B26D7F8B900EBE935 /* InstagramPostDetailCollectionViewCell.swift */ = {isa = PBXFileReference; lastKnownFileType = sourcecode.swift; path = InstagramPostDetailCollectionViewCell.swift; sourceTree = "<group>"; };
		9C096C7D26D804F500EBE935 /* Ext+Int.swift */ = {isa = PBXFileReference; lastKnownFileType = sourcecode.swift; path = "Ext+Int.swift"; sourceTree = "<group>"; };
/* End PBXFileReference section */

/* Begin PBXFrameworksBuildPhase section */
		9C096C5526D7DDD600EBE935 /* Frameworks */ = {
			isa = PBXFrameworksBuildPhase;
			buildActionMask = 2147483647;
			files = (
			);
			runOnlyForDeploymentPostprocessing = 0;
		};
/* End PBXFrameworksBuildPhase section */

/* Begin PBXGroup section */
		9C096C4F26D7DDD600EBE935 = {
			isa = PBXGroup;
			children = (
				9C096C5A26D7DDD600EBE935 /* PaulDemoInstagram */,
				9C096C5926D7DDD600EBE935 /* Products */,
			);
			sourceTree = "<group>";
		};
		9C096C5926D7DDD600EBE935 /* Products */ = {
			isa = PBXGroup;
			children = (
				9C096C5826D7DDD600EBE935 /* PaulDemoInstagram.app */,
			);
			name = Products;
			sourceTree = "<group>";
		};
		9C096C5A26D7DDD600EBE935 /* PaulDemoInstagram */ = {
			isa = PBXGroup;
			children = (
				9C096C8426D8088200EBE935 /* Resource */,
				9C096C8326D8086F00EBE935 /* Extension */,
				9C096C8226D8085B00EBE935 /* Helper */,
				9C096C8126D8084B00EBE935 /* Models */,
				9C096C8026D8082F00EBE935 /* Controllers */,
				9C096C7F26D8081A00EBE935 /* Views */,
				9C096C6926D7DDDA00EBE935 /* Info.plist */,
			);
			path = PaulDemoInstagram;
			sourceTree = "<group>";
		};
		9C096C7F26D8081A00EBE935 /* Views */ = {
			isa = PBXGroup;
			children = (
				9C096C7B26D7F8B900EBE935 /* InstagramPostDetailCollectionViewCell.swift */,
				9C096C7726D7F13300EBE935 /* InstagramCollectionViewCell.swift */,
				9C096C7526D7F0E800EBE935 /* InstagramHeaderCollectionReusableView.swift */,
			);
			path = Views;
			sourceTree = "<group>";
		};
		9C096C8026D8082F00EBE935 /* Controllers */ = {
			isa = PBXGroup;
			children = (
				9C096C5F26D7DDD600EBE935 /* InstagramCollectionViewController.swift */,
				9C096C7926D7F89600EBE935 /* InstagramPostDetailCollectionViewController.swift */,
			);
			path = Controllers;
			sourceTree = "<group>";
		};
		9C096C8126D8084B00EBE935 /* Models */ = {
			isa = PBXGroup;
			children = (
				9C096C6F26D7DE0700EBE935 /* InstagramResponse.swift */,
			);
			path = Models;
			sourceTree = "<group>";
		};
		9C096C8226D8085B00EBE935 /* Helper */ = {
			isa = PBXGroup;
			children = (
				9C096C7126D7DE3F00EBE935 /* APIService.swift */,
				9C096C7326D7E2B000EBE935 /* PhotoManager.swift */,
			);
			path = Helper;
			sourceTree = "<group>";
		};
		9C096C8326D8086F00EBE935 /* Extension */ = {
			isa = PBXGroup;
			children = (
				9C096C7D26D804F500EBE935 /* Ext+Int.swift */,
			);
			path = Extension;
			sourceTree = "<group>";
		};
		9C096C8426D8088200EBE935 /* Resource */ = {
			isa = PBXGroup;
			children = (
				9C096C5B26D7DDD600EBE935 /* AppDelegate.swift */,
				9C096C5D26D7DDD600EBE935 /* SceneDelegate.swift */,
				9C096C6126D7DDD600EBE935 /* Main.storyboard */,
				9C096C6426D7DDDA00EBE935 /* Assets.xcassets */,
				9C096C6626D7DDDA00EBE935 /* LaunchScreen.storyboard */,
			);
			path = Resource;
			sourceTree = "<group>";
		};
/* End PBXGroup section */

/* Begin PBXNativeTarget section */
		9C096C5726D7DDD600EBE935 /* PaulDemoInstagram */ = {
			isa = PBXNativeTarget;
			buildConfigurationList = 9C096C6C26D7DDDA00EBE935 /* Build configuration list for PBXNativeTarget "PaulDemoInstagram" */;
			buildPhases = (
				9C096C5426D7DDD600EBE935 /* Sources */,
				9C096C5526D7DDD600EBE935 /* Frameworks */,
				9C096C5626D7DDD600EBE935 /* Resources */,
			);
			buildRules = (
			);
			dependencies = (
			);
			name = PaulDemoInstagram;
			productName = PaulDemoInstagram;
			productReference = 9C096C5826D7DDD600EBE935 /* PaulDemoInstagram.app */;
			productType = "com.apple.product-type.application";
		};
/* End PBXNativeTarget section */

/* Begin PBXProject section */
		9C096C5026D7DDD600EBE935 /* Project object */ = {
			isa = PBXProject;
			attributes = {
				LastSwiftUpdateCheck = 1250;
				LastUpgradeCheck = 1250;
				TargetAttributes = {
					9C096C5726D7DDD600EBE935 = {
						CreatedOnToolsVersion = 12.5.1;
					};
				};
			};
			buildConfigurationList = 9C096C5326D7DDD600EBE935 /* Build configuration list for PBXProject "PaulDemoInstagram" */;
			compatibilityVersion = "Xcode 9.3";
			developmentRegion = en;
			hasScannedForEncodings = 0;
			knownRegions = (
				en,
				Base,
			);
			mainGroup = 9C096C4F26D7DDD600EBE935;
			productRefGroup = 9C096C5926D7DDD600EBE935 /* Products */;
			projectDirPath = "";
			projectRoot = "";
			targets = (
				9C096C5726D7DDD600EBE935 /* PaulDemoInstagram */,
			);
		};
/* End PBXProject section */

/* Begin PBXResourcesBuildPhase section */
		9C096C5626D7DDD600EBE935 /* Resources */ = {
			isa = PBXResourcesBuildPhase;
			buildActionMask = 2147483647;
			files = (
				9C096C6826D7DDDA00EBE935 /* LaunchScreen.storyboard in Resources */,
				9C096C6526D7DDDA00EBE935 /* Assets.xcassets in Resources */,
				9C096C6326D7DDD600EBE935 /* Main.storyboard in Resources */,
			);
			runOnlyForDeploymentPostprocessing = 0;
		};
/* End PBXResourcesBuildPhase section */

/* Begin PBXSourcesBuildPhase section */
		9C096C5426D7DDD600EBE935 /* Sources */ = {
			isa = PBXSourcesBuildPhase;
			buildActionMask = 2147483647;
			files = (
				9C096C7426D7E2B000EBE935 /* PhotoManager.swift in Sources */,
				9C096C6026D7DDD600EBE935 /* InstagramCollectionViewController.swift in Sources */,
				9C096C7226D7DE3F00EBE935 /* APIService.swift in Sources */,
				9C096C7826D7F13300EBE935 /* InstagramCollectionViewCell.swift in Sources */,
				9C096C5C26D7DDD600EBE935 /* AppDelegate.swift in Sources */,
				9C096C5E26D7DDD600EBE935 /* SceneDelegate.swift in Sources */,
				9C096C7626D7F0E800EBE935 /* InstagramHeaderCollectionReusableView.swift in Sources */,
				9C096C7A26D7F89600EBE935 /* InstagramPostDetailCollectionViewController.swift in Sources */,
				9C096C7C26D7F8B900EBE935 /* InstagramPostDetailCollectionViewCell.swift in Sources */,
				9C096C7E26D804F500EBE935 /* Ext+Int.swift in Sources */,
				9C096C7026D7DE0700EBE935 /* InstagramResponse.swift in Sources */,
			);
			runOnlyForDeploymentPostprocessing = 0;
		};
/* End PBXSourcesBuildPhase section */

/* Begin PBXVariantGroup section */
		9C096C6126D7DDD600EBE935 /* Main.storyboard */ = {
			isa = PBXVariantGroup;
			children = (
				9C096C6226D7DDD600EBE935 /* Base */,
			);
			name = Main.storyboard;
			sourceTree = "<group>";
		};
		9C096C6626D7DDDA00EBE935 /* LaunchScreen.storyboard */ = {
			isa = PBXVariantGroup;
			children = (
				9C096C6726D7DDDA00EBE935 /* Base */,
			);
			name = LaunchScreen.storyboard;
			sourceTree = "<group>";
		};
/* End PBXVariantGroup section */

/* Begin XCBuildConfiguration section */
		9C096C6A26D7DDDA00EBE935 /* Debug */ = {
			isa = XCBuildConfiguration;
			buildSettings = {
				ALWAYS_SEARCH_USER_PATHS = NO;
				CLANG_ANALYZER_NONNULL = YES;
				CLANG_ANALYZER_NUMBER_OBJECT_CONVERSION = YES_AGGRESSIVE;
				CLANG_CXX_LANGUAGE_STANDARD = "gnu++14";
				CLANG_CXX_LIBRARY = "libc++";
				CLANG_ENABLE_MODULES = YES;
				CLANG_ENABLE_OBJC_ARC = YES;
				CLANG_ENABLE_OBJC_WEAK = YES;
				CLANG_WARN_BLOCK_CAPTURE_AUTORELEASING = YES;
				CLANG_WARN_BOOL_CONVERSION = YES;
				CLANG_WARN_COMMA = YES;
				CLANG_WARN_CONSTANT_CONVERSION = YES;
				CLANG_WARN_DEPRECATED_OBJC_IMPLEMENTATIONS = YES;
				CLANG_WARN_DIRECT_OBJC_ISA_USAGE = YES_ERROR;
				CLANG_WARN_DOCUMENTATION_COMMENTS = YES;
				CLANG_WARN_EMPTY_BODY = YES;
				CLANG_WARN_ENUM_CONVERSION = YES;
				CLANG_WARN_INFINITE_RECURSION = YES;
				CLANG_WARN_INT_CONVERSION = YES;
				CLANG_WARN_NON_LITERAL_NULL_CONVERSION = YES;
				CLANG_WARN_OBJC_IMPLICIT_RETAIN_SELF = YES;
				CLANG_WARN_OBJC_LITERAL_CONVERSION = YES;
				CLANG_WARN_OBJC_ROOT_CLASS = YES_ERROR;
				CLANG_WARN_QUOTED_INCLUDE_IN_FRAMEWORK_HEADER = YES;
				CLANG_WARN_RANGE_LOOP_ANALYSIS = YES;
				CLANG_WARN_STRICT_PROTOTYPES = YES;
				CLANG_WARN_SUSPICIOUS_MOVE = YES;
				CLANG_WARN_UNGUARDED_AVAILABILITY = YES_AGGRESSIVE;
				CLANG_WARN_UNREACHABLE_CODE = YES;
				CLANG_WARN__DUPLICATE_METHOD_MATCH = YES;
				COPY_PHASE_STRIP = NO;
				DEBUG_INFORMATION_FORMAT = dwarf;
				ENABLE_STRICT_OBJC_MSGSEND = YES;
				ENABLE_TESTABILITY = YES;
				GCC_C_LANGUAGE_STANDARD = gnu11;
				GCC_DYNAMIC_NO_PIC = NO;
				GCC_NO_COMMON_BLOCKS = YES;
				GCC_OPTIMIZATION_LEVEL = 0;
				GCC_PREPROCESSOR_DEFINITIONS = (
					"DEBUG=1",
					"$(inherited)",
				);
				GCC_WARN_64_TO_32_BIT_CONVERSION = YES;
				GCC_WARN_ABOUT_RETURN_TYPE = YES_ERROR;
				GCC_WARN_UNDECLARED_SELECTOR = YES;
				GCC_WARN_UNINITIALIZED_AUTOS = YES_AGGRESSIVE;
				GCC_WARN_UNUSED_FUNCTION = YES;
				GCC_WARN_UNUSED_VARIABLE = YES;
				IPHONEOS_DEPLOYMENT_TARGET = 13.0;
				MTL_ENABLE_DEBUG_INFO = INCLUDE_SOURCE;
				MTL_FAST_MATH = YES;
				ONLY_ACTIVE_ARCH = YES;
				SDKROOT = iphoneos;
				SWIFT_ACTIVE_COMPILATION_CONDITIONS = DEBUG;
				SWIFT_OPTIMIZATION_LEVEL = "-Onone";
			};
			name = Debug;
		};
		9C096C6B26D7DDDA00EBE935 /* Release */ = {
			isa = XCBuildConfiguration;
			buildSettings = {
				ALWAYS_SEARCH_USER_PATHS = NO;
				CLANG_ANALYZER_NONNULL = YES;
				CLANG_ANALYZER_NUMBER_OBJECT_CONVERSION = YES_AGGRESSIVE;
				CLANG_CXX_LANGUAGE_STANDARD = "gnu++14";
				CLANG_CXX_LIBRARY = "libc++";
				CLANG_ENABLE_MODULES = YES;
				CLANG_ENABLE_OBJC_ARC = YES;
				CLANG_ENABLE_OBJC_WEAK = YES;
				CLANG_WARN_BLOCK_CAPTURE_AUTORELEASING = YES;
				CLANG_WARN_BOOL_CONVERSION = YES;
				CLANG_WARN_COMMA = YES;
				CLANG_WARN_CONSTANT_CONVERSION = YES;
				CLANG_WARN_DEPRECATED_OBJC_IMPLEMENTATIONS = YES;
				CLANG_WARN_DIRECT_OBJC_ISA_USAGE = YES_ERROR;
				CLANG_WARN_DOCUMENTATION_COMMENTS = YES;
				CLANG_WARN_EMPTY_BODY = YES;
				CLANG_WARN_ENUM_CONVERSION = YES;
				CLANG_WARN_INFINITE_RECURSION = YES;
				CLANG_WARN_INT_CONVERSION = YES;
				CLANG_WARN_NON_LITERAL_NULL_CONVERSION = YES;
				CLANG_WARN_OBJC_IMPLICIT_RETAIN_SELF = YES;
				CLANG_WARN_OBJC_LITERAL_CONVERSION = YES;
				CLANG_WARN_OBJC_ROOT_CLASS = YES_ERROR;
				CLANG_WARN_QUOTED_INCLUDE_IN_FRAMEWORK_HEADER = YES;
				CLANG_WARN_RANGE_LOOP_ANALYSIS = YES;
				CLANG_WARN_STRICT_PROTOTYPES = YES;
				CLANG_WARN_SUSPICIOUS_MOVE = YES;
				CLANG_WARN_UNGUARDED_AVAILABILITY = YES_AGGRESSIVE;
				CLANG_WARN_UNREACHABLE_CODE = YES;
				CLANG_WARN__DUPLICATE_METHOD_MATCH = YES;
				COPY_PHASE_STRIP = NO;
				DEBUG_INFORMATION_FORMAT = "dwarf-with-dsym";
				ENABLE_NS_ASSERTIONS = NO;
				ENABLE_STRICT_OBJC_MSGSEND = YES;
				GCC_C_LANGUAGE_STANDARD = gnu11;
				GCC_NO_COMMON_BLOCKS = YES;
				GCC_WARN_64_TO_32_BIT_CONVERSION = YES;
				GCC_WARN_ABOUT_RETURN_TYPE = YES_ERROR;
				GCC_WARN_UNDECLARED_SELECTOR = YES;
				GCC_WARN_UNINITIALIZED_AUTOS = YES_AGGRESSIVE;
				GCC_WARN_UNUSED_FUNCTION = YES;
				GCC_WARN_UNUSED_VARIABLE = YES;
				IPHONEOS_DEPLOYMENT_TARGET = 13.0;
				MTL_ENABLE_DEBUG_INFO = NO;
				MTL_FAST_MATH = YES;
				SDKROOT = iphoneos;
				SWIFT_COMPILATION_MODE = wholemodule;
				SWIFT_OPTIMIZATION_LEVEL = "-O";
				VALIDATE_PRODUCT = YES;
			};
			name = Release;
		};
		9C096C6D26D7DDDA00EBE935 /* Debug */ = {
			isa = XCBuildConfiguration;
			buildSettings = {
				ASSETCATALOG_COMPILER_APPICON_NAME = AppIcon;
				ASSETCATALOG_COMPILER_GLOBAL_ACCENT_COLOR_NAME = AccentColor;
				CODE_SIGN_STYLE = Automatic;
				DEVELOPMENT_TEAM = 5K2D8EVZ5V;
				INFOPLIST_FILE = PaulDemoInstagram/Info.plist;
				LD_RUNPATH_SEARCH_PATHS = (
					"$(inherited)",
					"@executable_path/Frameworks",
				);
				PRODUCT_BUNDLE_IDENTIFIER = com.paullien.PaulDemoInstagram;
				PRODUCT_NAME = "$(TARGET_NAME)";
				SWIFT_VERSION = 5.0;
				TARGETED_DEVICE_FAMILY = "1,2";
			};
			name = Debug;
		};
		9C096C6E26D7DDDA00EBE935 /* Release */ = {
			isa = XCBuildConfiguration;
			buildSettings = {
				ASSETCATALOG_COMPILER_APPICON_NAME = AppIcon;
				ASSETCATALOG_COMPILER_GLOBAL_ACCENT_COLOR_NAME = AccentColor;
				CODE_SIGN_STYLE = Automatic;
				DEVELOPMENT_TEAM = 5K2D8EVZ5V;
				INFOPLIST_FILE = PaulDemoInstagram/Info.plist;
				LD_RUNPATH_SEARCH_PATHS = (
					"$(inherited)",
					"@executable_path/Frameworks",
				);
				PRODUCT_BUNDLE_IDENTIFIER = com.paullien.PaulDemoInstagram;
				PRODUCT_NAME = "$(TARGET_NAME)";
				SWIFT_VERSION = 5.0;
				TARGETED_DEVICE_FAMILY = "1,2";
			};
			name = Release;
		};
/* End XCBuildConfiguration section */

/* Begin XCConfigurationList section */
		9C096C5326D7DDD600EBE935 /* Build configuration list for PBXProject "PaulDemoInstagram" */ = {
			isa = XCConfigurationList;
			buildConfigurations = (
				9C096C6A26D7DDDA00EBE935 /* Debug */,
				9C096C6B26D7DDDA00EBE935 /* Release */,
			);
			defaultConfigurationIsVisible = 0;
			defaultConfigurationName = Release;
		};
		9C096C6C26D7DDDA00EBE935 /* Build configuration list for PBXNativeTarget "PaulDemoInstagram" */ = {
			isa = XCConfigurationList;
			buildConfigurations = (
				9C096C6D26D7DDDA00EBE935 /* Debug */,
				9C096C6E26D7DDDA00EBE935 /* Release */,
			);
			defaultConfigurationIsVisible = 0;
			defaultConfigurationName = Release;
		};
/* End XCConfigurationList section */
	};
	rootObject = 9C096C5026D7DDD600EBE935 /* Project object */;
}
